# This file is automatically @generated by Cargo.
# It is not intended for manual editing.
version = 3

[[package]]
name = "brgc"
version = "0.0.0"

[[package]]
name = "hilbert-curve"
version = "0.0.0"
dependencies = [
 "brgc",
 "skilling-transform",
]

[[package]]
name = "skilling-transform"
version = "0.0.0"
